
Microsoft Visual Studio Solution File, Format Version 12.00
# Visual Studio 14
VisualStudioVersion = 14.0.25420.1
MinimumVisualStudioVersion = 10.0.40219.1
Project("{2150E333-8FDC-42A3-9474-1A3956D46DE8}") = "src", "src", "{63C50FCE-D811-4466-A1A6-B0D25FC79EFC}"
EndProject
Project("{2150E333-8FDC-42A3-9474-1A3956D46DE8}") = "Solution Items", "Solution Items", "{16B11C1B-8C3F-4080-A0DD-F941EE626773}"
	ProjectSection(SolutionItems) = preProject
		global.json = global.json
	EndProjectSection
EndProject
Project("{8BB2217D-0F2D-49D1-97BC-3654ED321F3B}") = "QuizMaster", "src\QuizMaster\QuizMaster.xproj", "{53A2EF84-6C2A-4932-B6B6-CC41A024BD24}"
EndProject
Project("{8BB2217D-0F2D-49D1-97BC-3654ED321F3B}") = "QuizMaster.Models", "src\QuizMaster.Models\QuizMaster.Models.xproj", "{DC983CFA-F940-457E-A26F-0640AC1863F8}"
EndProject
Project("{8BB2217D-0F2D-49D1-97BC-3654ED321F3B}") = "QuizMaster.Data", "src\QuizMaster.Data\QuizMaster.Data.xproj", "{5A704820-3B33-433D-A7B4-48C1691C36D6}"
EndProject
Project("{8BB2217D-0F2D-49D1-97BC-3654ED321F3B}") = "QuizMaster.Common", "src\QuizMaster.Common\QuizMaster.Common.xproj", "{08FFCA0E-28CE-4FB6-939B-35A0A82979B5}"
EndProject
Project("{8BB2217D-0F2D-49D1-97BC-3654ED321F3B}") = "QuizMaster.Options", "src\QuizMaster.Options\QuizMaster.Options.xproj", "{6E5EE516-6A25-4EB2-A344-7CD66327923E}"
EndProject
Project("{2150E333-8FDC-42A3-9474-1A3956D46DE8}") = "test", "test", "{1CDF07DF-3D8A-40B0-B0ED-516DF4FBACB8}"
EndProject
Project("{8BB2217D-0F2D-49D1-97BC-3654ED321F3B}") = "QuizMaster.Tests", "test\QuizMaster.Tests\QuizMaster.Tests.xproj", "{8D749CE0-F191-46C3-95CD-9F911BD4D4A8}"
EndProject
Global
	GlobalSection(SolutionConfigurationPlatforms) = preSolution
		Debug|Any CPU = Debug|Any CPU
		Release|Any CPU = Release|Any CPU
	EndGlobalSection
	GlobalSection(ProjectConfigurationPlatforms) = postSolution
		{53A2EF84-6C2A-4932-B6B6-CC41A024BD24}.Debug|Any CPU.ActiveCfg = Debug|Any CPU
		{53A2EF84-6C2A-4932-B6B6-CC41A024BD24}.Debug|Any CPU.Build.0 = Debug|Any CPU
		{53A2EF84-6C2A-4932-B6B6-CC41A024BD24}.Release|Any CPU.ActiveCfg = Release|Any CPU
		{53A2EF84-6C2A-4932-B6B6-CC41A024BD24}.Release|Any CPU.Build.0 = Release|Any CPU
		{DC983CFA-F940-457E-A26F-0640AC1863F8}.Debug|Any CPU.ActiveCfg = Debug|Any CPU
		{DC983CFA-F940-457E-A26F-0640AC1863F8}.Debug|Any CPU.Build.0 = Debug|Any CPU
		{DC983CFA-F940-457E-A26F-0640AC1863F8}.Release|Any CPU.ActiveCfg = Release|Any CPU
		{DC983CFA-F940-457E-A26F-0640AC1863F8}.Release|Any CPU.Build.0 = Release|Any CPU
		{5A704820-3B33-433D-A7B4-48C1691C36D6}.Debug|Any CPU.ActiveCfg = Debug|Any CPU
		{5A704820-3B33-433D-A7B4-48C1691C36D6}.Debug|Any CPU.Build.0 = Debug|Any CPU
		{5A704820-3B33-433D-A7B4-48C1691C36D6}.Release|Any CPU.ActiveCfg = Release|Any CPU
		{5A704820-3B33-433D-A7B4-48C1691C36D6}.Release|Any CPU.Build.0 = Release|Any CPU
		{08FFCA0E-28CE-4FB6-939B-35A0A82979B5}.Debug|Any CPU.ActiveCfg = Debug|Any CPU
		{08FFCA0E-28CE-4FB6-939B-35A0A82979B5}.Debug|Any CPU.Build.0 = Debug|Any CPU
		{08FFCA0E-28CE-4FB6-939B-35A0A82979B5}.Release|Any CPU.ActiveCfg = Release|Any CPU
		{08FFCA0E-28CE-4FB6-939B-35A0A82979B5}.Release|Any CPU.Build.0 = Release|Any CPU
		{6E5EE516-6A25-4EB2-A344-7CD66327923E}.Debug|Any CPU.ActiveCfg = Debug|Any CPU
		{6E5EE516-6A25-4EB2-A344-7CD66327923E}.Debug|Any CPU.Build.0 = Debug|Any CPU
		{6E5EE516-6A25-4EB2-A344-7CD66327923E}.Release|Any CPU.ActiveCfg = Release|Any CPU
		{6E5EE516-6A25-4EB2-A344-7CD66327923E}.Release|Any CPU.Build.0 = Release|Any CPU
		{8D749CE0-F191-46C3-95CD-9F911BD4D4A8}.Debug|Any CPU.ActiveCfg = Debug|Any CPU
		{8D749CE0-F191-46C3-95CD-9F911BD4D4A8}.Debug|Any CPU.Build.0 = Debug|Any CPU
		{8D749CE0-F191-46C3-95CD-9F911BD4D4A8}.Release|Any CPU.ActiveCfg = Release|Any CPU
		{8D749CE0-F191-46C3-95CD-9F911BD4D4A8}.Release|Any CPU.Build.0 = Release|Any CPU
	EndGlobalSection
	GlobalSection(SolutionProperties) = preSolution
		HideSolutionNode = FALSE
	EndGlobalSection
	GlobalSection(NestedProjects) = preSolution
		{53A2EF84-6C2A-4932-B6B6-CC41A024BD24} = {63C50FCE-D811-4466-A1A6-B0D25FC79EFC}
		{DC983CFA-F940-457E-A26F-0640AC1863F8} = {63C50FCE-D811-4466-A1A6-B0D25FC79EFC}
		{5A704820-3B33-433D-A7B4-48C1691C36D6} = {63C50FCE-D811-4466-A1A6-B0D25FC79EFC}
		{08FFCA0E-28CE-4FB6-939B-35A0A82979B5} = {63C50FCE-D811-4466-A1A6-B0D25FC79EFC}
		{6E5EE516-6A25-4EB2-A344-7CD66327923E} = {63C50FCE-D811-4466-A1A6-B0D25FC79EFC}
		{8D749CE0-F191-46C3-95CD-9F911BD4D4A8} = {1CDF07DF-3D8A-40B0-B0ED-516DF4FBACB8}
	EndGlobalSection
EndGlobal
